// !$*UTF8*$!
{
	archiveVersion = 1;
	classes = {
	};
	objectVersion = 46;
	objects = {

/* Begin PBXBuildFile section */
		3A7B95A5D827AB0E012A80DA /* libPods.a in Frameworks */ = {isa = PBXBuildFile; fileRef = 380A72B1979A36D64D39D2B3 /* libPods.a */; };
		849B43661A80727E00D8E970 /* main.m in Sources */ = {isa = PBXBuildFile; fileRef = 849B43651A80727E00D8E970 /* main.m */; };
		849B43691A80727E00D8E970 /* AppDelegate.m in Sources */ = {isa = PBXBuildFile; fileRef = 849B43681A80727E00D8E970 /* AppDelegate.m */; };
		849B436C1A80727E00D8E970 /* ViewController.m in Sources */ = {isa = PBXBuildFile; fileRef = 849B436B1A80727E00D8E970 /* ViewController.m */; };
		849B436F1A80727E00D8E970 /* Main.storyboard in Resources */ = {isa = PBXBuildFile; fileRef = 849B436D1A80727E00D8E970 /* Main.storyboard */; };
		849B43711A80727E00D8E970 /* Images.xcassets in Resources */ = {isa = PBXBuildFile; fileRef = 849B43701A80727E00D8E970 /* Images.xcassets */; };
		849B43741A80727E00D8E970 /* LaunchScreen.xib in Resources */ = {isa = PBXBuildFile; fileRef = 849B43721A80727E00D8E970 /* LaunchScreen.xib */; };
		849B43801A80727E00D8E970 /* BlockNetworkTests.m in Sources */ = {isa = PBXBuildFile; fileRef = 849B437F1A80727E00D8E970 /* BlockNetworkTests.m */; };
		849B438E1A80853700D8E970 /* Tracker.m in Sources */ = {isa = PBXBuildFile; fileRef = 849B438D1A80853700D8E970 /* Tracker.m */; };
/* End PBXBuildFile section */

/* Begin PBXContainerItemProxy section */
		849B437A1A80727E00D8E970 /* PBXContainerItemProxy */ = {
			isa = PBXContainerItemProxy;
			containerPortal = 849B43581A80727E00D8E970 /* Project object */;
			proxyType = 1;
			remoteGlobalIDString = 849B435F1A80727E00D8E970;
			remoteInfo = BlockNetwork;
		};
/* End PBXContainerItemProxy section */

/* Begin PBXFileReference section */
		380A72B1979A36D64D39D2B3 /* libPods.a */ = {isa = PBXFileReference; explicitFileType = archive.ar; includeInIndex = 0; path = libPods.a; sourceTree = BUILT_PRODUCTS_DIR; };
		3D65F1B5CFF9DD56F472C845 /* Pods.debug.xcconfig */ = {isa = PBXFileReference; includeInIndex = 1; lastKnownFileType = text.xcconfig; name = Pods.debug.xcconfig; path = "Pods/Target Support Files/Pods/Pods.debug.xcconfig"; sourceTree = "<group>"; };
		4D1D27BC28D8A90F5885F197 /* Pods.release.xcconfig */ = {isa = PBXFileReference; includeInIndex = 1; lastKnownFileType = text.xcconfig; name = Pods.release.xcconfig; path = "Pods/Target Support Files/Pods/Pods.release.xcconfig"; sourceTree = "<group>"; };
		849B43601A80727E00D8E970 /* BlockNetwork.app */ = {isa = PBXFileReference; explicitFileType = wrapper.application; includeInIndex = 0; path = BlockNetwork.app; sourceTree = BUILT_PRODUCTS_DIR; };
		849B43641A80727E00D8E970 /* Info.plist */ = {isa = PBXFileReference; lastKnownFileType = text.plist.xml; path = Info.plist; sourceTree = "<group>"; };
		849B43651A80727E00D8E970 /* main.m */ = {isa = PBXFileReference; lastKnownFileType = sourcecode.c.objc; path = main.m; sourceTree = "<group>"; };
		849B43671A80727E00D8E970 /* AppDelegate.h */ = {isa = PBXFileReference; lastKnownFileType = sourcecode.c.h; path = AppDelegate.h; sourceTree = "<group>"; };
		849B43681A80727E00D8E970 /* AppDelegate.m */ = {isa = PBXFileReference; lastKnownFileType = sourcecode.c.objc; path = AppDelegate.m; sourceTree = "<group>"; };
		849B436A1A80727E00D8E970 /* ViewController.h */ = {isa = PBXFileReference; lastKnownFileType = sourcecode.c.h; path = ViewController.h; sourceTree = "<group>"; };
		849B436B1A80727E00D8E970 /* ViewController.m */ = {isa = PBXFileReference; lastKnownFileType = sourcecode.c.objc; path = ViewController.m; sourceTree = "<group>"; };
		849B436E1A80727E00D8E970 /* Base */ = {isa = PBXFileReference; lastKnownFileType = file.storyboard; name = Base; path = Base.lproj/Main.storyboard; sourceTree = "<group>"; };
		849B43701A80727E00D8E970 /* Images.xcassets */ = {isa = PBXFileReference; lastKnownFileType = folder.assetcatalog; path = Images.xcassets; sourceTree = "<group>"; };
		849B43731A80727E00D8E970 /* Base */ = {isa = PBXFileReference; lastKnownFileType = file.xib; name = Base; path = Base.lproj/LaunchScreen.xib; sourceTree = "<group>"; };
		849B43791A80727E00D8E970 /* BlockNetworkTests.xctest */ = {isa = PBXFileReference; explicitFileType = wrapper.cfbundle; includeInIndex = 0; path = BlockNetworkTests.xctest; sourceTree = BUILT_PRODUCTS_DIR; };
		849B437E1A80727E00D8E970 /* Info.plist */ = {isa = PBXFileReference; lastKnownFileType = text.plist.xml; path = Info.plist; sourceTree = "<group>"; };
		849B437F1A80727E00D8E970 /* BlockNetworkTests.m */ = {isa = PBXFileReference; lastKnownFileType = sourcecode.c.objc; path = BlockNetworkTests.m; sourceTree = "<group>"; };
		849B438C1A80853700D8E970 /* Tracker.h */ = {isa = PBXFileReference; fileEncoding = 4; lastKnownFileType = sourcecode.c.h; path = Tracker.h; sourceTree = "<group>"; };
		849B438D1A80853700D8E970 /* Tracker.m */ = {isa = PBXFileReference; fileEncoding = 4; lastKnownFileType = sourcecode.c.objc; path = Tracker.m; sourceTree = "<group>"; };
/* End PBXFileReference section */

/* Begin PBXFrameworksBuildPhase section */
		849B435D1A80727E00D8E970 /* Frameworks */ = {
			isa = PBXFrameworksBuildPhase;
			buildActionMask = 2147483647;
			files = (
				3A7B95A5D827AB0E012A80DA /* libPods.a in Frameworks */,
			);
			runOnlyForDeploymentPostprocessing = 0;
		};
		849B43761A80727E00D8E970 /* Frameworks */ = {
			isa = PBXFrameworksBuildPhase;
			buildActionMask = 2147483647;
			files = (
			);
			runOnlyForDeploymentPostprocessing = 0;
		};
/* End PBXFrameworksBuildPhase section */

/* Begin PBXGroup section */
		02085666588573CE1F3F6D0C /* Frameworks */ = {
			isa = PBXGroup;
			children = (
				380A72B1979A36D64D39D2B3 /* libPods.a */,
			);
			name = Frameworks;
			sourceTree = "<group>";
		};
		849B43571A80727E00D8E970 = {
			isa = PBXGroup;
			children = (
				849B43621A80727E00D8E970 /* BlockNetwork */,
				849B437C1A80727E00D8E970 /* BlockNetworkTests */,
				849B43611A80727E00D8E970 /* Products */,
				FBBACDA2BF9280CE2E044BC1 /* Pods */,
				02085666588573CE1F3F6D0C /* Frameworks */,
			);
			sourceTree = "<group>";
		};
		849B43611A80727E00D8E970 /* Products */ = {
			isa = PBXGroup;
			children = (
				849B43601A80727E00D8E970 /* BlockNetwork.app */,
				849B43791A80727E00D8E970 /* BlockNetworkTests.xctest */,
			);
			name = Products;
			sourceTree = "<group>";
		};
		849B43621A80727E00D8E970 /* BlockNetwork */ = {
			isa = PBXGroup;
			children = (
				849B43671A80727E00D8E970 /* AppDelegate.h */,
				849B43681A80727E00D8E970 /* AppDelegate.m */,
				849B436A1A80727E00D8E970 /* ViewController.h */,
				849B436B1A80727E00D8E970 /* ViewController.m */,
				849B438C1A80853700D8E970 /* Tracker.h */,
				849B438D1A80853700D8E970 /* Tracker.m */,
				849B436D1A80727E00D8E970 /* Main.storyboard */,
				849B43701A80727E00D8E970 /* Images.xcassets */,
				849B43721A80727E00D8E970 /* LaunchScreen.xib */,
				849B43631A80727E00D8E970 /* Supporting Files */,
			);
			path = BlockNetwork;
			sourceTree = "<group>";
		};
		849B43631A80727E00D8E970 /* Supporting Files */ = {
			isa = PBXGroup;
			children = (
				849B43641A80727E00D8E970 /* Info.plist */,
				849B43651A80727E00D8E970 /* main.m */,
			);
			name = "Supporting Files";
			sourceTree = "<group>";
		};
		849B437C1A80727E00D8E970 /* BlockNetworkTests */ = {
			isa = PBXGroup;
			children = (
				849B437F1A80727E00D8E970 /* BlockNetworkTests.m */,
				849B437D1A80727E00D8E970 /* Supporting Files */,
			);
			path = BlockNetworkTests;
			sourceTree = "<group>";
		};
		849B437D1A80727E00D8E970 /* Supporting Files */ = {
			isa = PBXGroup;
			children = (
				849B437E1A80727E00D8E970 /* Info.plist */,
			);
			name = "Supporting Files";
			sourceTree = "<group>";
		};
		FBBACDA2BF9280CE2E044BC1 /* Pods */ = {
			isa = PBXGroup;
			children = (
				3D65F1B5CFF9DD56F472C845 /* Pods.debug.xcconfig */,
				4D1D27BC28D8A90F5885F197 /* Pods.release.xcconfig */,
			);
			name = Pods;
			sourceTree = "<group>";
		};
/* End PBXGroup section */

/* Begin PBXNativeTarget section */
		849B435F1A80727E00D8E970 /* BlockNetwork */ = {
			isa = PBXNativeTarget;
			buildConfigurationList = 849B43831A80727E00D8E970 /* Build configuration list for PBXNativeTarget "BlockNetwork" */;
			buildPhases = (
				B2EB1BCACDC9C61A1F753A04 /* Check Pods Manifest.lock */,
				849B435C1A80727E00D8E970 /* Sources */,
				849B435D1A80727E00D8E970 /* Frameworks */,
				849B435E1A80727E00D8E970 /* Resources */,
				CE9F6558872C20AEA053F7F2 /* Copy Pods Resources */,
			);
			buildRules = (
			);
			dependencies = (
			);
			name = BlockNetwork;
			productName = BlockNetwork;
			productReference = 849B43601A80727E00D8E970 /* BlockNetwork.app */;
			productType = "com.apple.product-type.application";
		};
		849B43781A80727E00D8E970 /* BlockNetworkTests */ = {
			isa = PBXNativeTarget;
			buildConfigurationList = 849B43861A80727E00D8E970 /* Build configuration list for PBXNativeTarget "BlockNetworkTests" */;
			buildPhases = (
				849B43751A80727E00D8E970 /* Sources */,
				849B43761A80727E00D8E970 /* Frameworks */,
				849B43771A80727E00D8E970 /* Resources */,
			);
			buildRules = (
			);
			dependencies = (
				849B437B1A80727E00D8E970 /* PBXTargetDependency */,
			);
			name = BlockNetworkTests;
			productName = BlockNetworkTests;
			productReference = 849B43791A80727E00D8E970 /* BlockNetworkTests.xctest */;
			productType = "com.apple.product-type.bundle.unit-test";
		};
/* End PBXNativeTarget section */

/* Begin PBXProject section */
		849B43581A80727E00D8E970 /* Project object */ = {
			isa = PBXProject;
			attributes = {
				LastUpgradeCheck = 0610;
				ORGANIZATIONNAME = "My Company";
				TargetAttributes = {
					849B435F1A80727E00D8E970 = {
						CreatedOnToolsVersion = 6.1;
					};
					849B43781A80727E00D8E970 = {
						CreatedOnToolsVersion = 6.1;
						TestTargetID = 849B435F1A80727E00D8E970;
					};
				};
			};
			buildConfigurationList = 849B435B1A80727E00D8E970 /* Build configuration list for PBXProject "BlockNetwork" */;
			compatibilityVersion = "Xcode 3.2";
			developmentRegion = English;
			hasScannedForEncodings = 0;
			knownRegions = (
				en,
				Base,
			);
			mainGroup = 849B43571A80727E00D8E970;
			productRefGroup = 849B43611A80727E00D8E970 /* Products */;
			projectDirPath = "";
			projectRoot = "";
			targets = (
				849B435F1A80727E00D8E970 /* BlockNetwork */,
				849B43781A80727E00D8E970 /* BlockNetworkTests */,
			);
		};
/* End PBXProject section */

/* Begin PBXResourcesBuildPhase section */
		849B435E1A80727E00D8E970 /* Resources */ = {
			isa = PBXResourcesBuildPhase;
			buildActionMask = 2147483647;
			files = (
				849B436F1A80727E00D8E970 /* Main.storyboard in Resources */,
				849B43741A80727E00D8E970 /* LaunchScreen.xib in Resources */,
				849B43711A80727E00D8E970 /* Images.xcassets in Resources */,
			);
			runOnlyForDeploymentPostprocessing = 0;
		};
		849B43771A80727E00D8E970 /* Resources */ = {
			isa = PBXResourcesBuildPhase;
			buildActionMask = 2147483647;
			files = (
			);
			runOnlyForDeploymentPostprocessing = 0;
		};
/* End PBXResourcesBuildPhase section */

/* Begin PBXShellScriptBuildPhase section */
		B2EB1BCACDC9C61A1F753A04 /* Check Pods Manifest.lock */ = {
			isa = PBXShellScriptBuildPhase;
			buildActionMask = 2147483647;
			files = (
			);
			inputPaths = (
			);
			name = "Check Pods Manifest.lock";
			outputPaths = (
			);
			runOnlyForDeploymentPostprocessing = 0;
			shellPath = /bin/sh;
			shellScript = "diff \"${PODS_ROOT}/../Podfile.lock\" \"${PODS_ROOT}/Manifest.lock\" > /dev/null\nif [[ $? != 0 ]] ; then\n    cat << EOM\nerror: The sandbox is not in sync with the Podfile.lock. Run 'pod install' or update your CocoaPods installation.\nEOM\n    exit 1\nfi\n";
			showEnvVarsInLog = 0;
		};
		CE9F6558872C20AEA053F7F2 /* Copy Pods Resources */ = {
			isa = PBXShellScriptBuildPhase;
			buildActionMask = 2147483647;
			files = (
			);
			inputPaths = (
			);
			name = "Copy Pods Resources";
			outputPaths = (
			);
			runOnlyForDeploymentPostprocessing = 0;
			shellPath = /bin/sh;
			shellScript = "\"${SRCROOT}/Pods/Target Support Files/Pods/Pods-resources.sh\"\n";
			showEnvVarsInLog = 0;
		};
/* End PBXShellScriptBuildPhase section */

/* Begin PBXSourcesBuildPhase section */
		849B435C1A80727E00D8E970 /* Sources */ = {
			isa = PBXSourcesBuildPhase;
			buildActionMask = 2147483647;
			files = (
				849B438E1A80853700D8E970 /* Tracker.m in Sources */,
				849B436C1A80727E00D8E970 /* ViewController.m in Sources */,
				849B43691A80727E00D8E970 /* AppDelegate.m in Sources */,
				849B43661A80727E00D8E970 /* main.m in Sources */,
			);
			runOnlyForDeploymentPostprocessing = 0;
		};
		849B43751A80727E00D8E970 /* Sources */ = {
			isa = PBXSourcesBuildPhase;
			buildActionMask = 2147483647;
			files = (
				849B43801A80727E00D8E970 /* BlockNetworkTests.m in Sources */,
			);
			runOnlyForDeploymentPostprocessing = 0;
		};
/* End PBXSourcesBuildPhase section */

/* Begin PBXTargetDependency section */
		849B437B1A80727E00D8E970 /* PBXTargetDependency */ = {
			isa = PBXTargetDependency;
			target = 849B435F1A80727E00D8E970 /* BlockNetwork */;
			targetProxy = 849B437A1A80727E00D8E970 /* PBXContainerItemProxy */;
		};
/* End PBXTargetDependency section */

/* Begin PBXVariantGroup section */
		849B436D1A80727E00D8E970 /* Main.storyboard */ = {
			isa = PBXVariantGroup;
			children = (
				849B436E1A80727E00D8E970 /* Base */,
			);
			name = Main.storyboard;
			sourceTree = "<group>";
		};
		849B43721A80727E00D8E970 /* LaunchScreen.xib */ = {
			isa = PBXVariantGroup;
			children = (
				849B43731A80727E00D8E970 /* Base */,
			);
			name = LaunchScreen.xib;
			sourceTree = "<group>";
		};
/* End PBXVariantGroup section */

/* Begin XCBuildConfiguration section */
		849B43811A80727E00D8E970 /* Debug */ = {
			isa = XCBuildConfiguration;
			buildSettings = {
				ALWAYS_SEARCH_USER_PATHS = NO;
				CLANG_CXX_LANGUAGE_STANDARD = "gnu++0x";
				CLANG_CXX_LIBRARY = "libc++";
				CLANG_ENABLE_MODULES = YES;
				CLANG_ENABLE_OBJC_ARC = YES;
				CLANG_WARN_BOOL_CONVERSION = YES;
				CLANG_WARN_CONSTANT_CONVERSION = YES;
				CLANG_WARN_DIRECT_OBJC_ISA_USAGE = YES_ERROR;
				CLANG_WARN_EMPTY_BODY = YES;
				CLANG_WARN_ENUM_CONVERSION = YES;
				CLANG_WARN_INT_CONVERSION = YES;
				CLANG_WARN_OBJC_ROOT_CLASS = YES_ERROR;
				CLANG_WARN_UNREACHABLE_CODE = YES;
				CLANG_WARN__DUPLICATE_METHOD_MATCH = YES;
				"CODE_SIGN_IDENTITY[sdk=iphoneos*]" = "iPhone Developer";
				COPY_PHASE_STRIP = NO;
				ENABLE_STRICT_OBJC_MSGSEND = YES;
				GCC_C_LANGUAGE_STANDARD = gnu99;
				GCC_DYNAMIC_NO_PIC = NO;
				GCC_OPTIMIZATION_LEVEL = 0;
				GCC_PREPROCESSOR_DEFINITIONS = (
					"DEBUG=1",
					"$(inherited)",
				);
				GCC_SYMBOLS_PRIVATE_EXTERN = NO;
				GCC_WARN_64_TO_32_BIT_CONVERSION = YES;
				GCC_WARN_ABOUT_RETURN_TYPE = YES_ERROR;
				GCC_WARN_UNDECLARED_SELECTOR = YES;
				GCC_WARN_UNINITIALIZED_AUTOS = YES_AGGRESSIVE;
				GCC_WARN_UNUSED_FUNCTION = YES;
				GCC_WARN_UNUSED_VARIABLE = YES;
				IPHONEOS_DEPLOYMENT_TARGET = 8.1;
				MTL_ENABLE_DEBUG_INFO = YES;
				ONLY_ACTIVE_ARCH = YES;
				SDKROOT = iphoneos;
			};
			name = Debug;
		};
		849B43821A80727E00D8E970 /* Release */ = {
			isa = XCBuildConfiguration;
			buildSettings = {
				ALWAYS_SEARCH_USER_PATHS = NO;
				CLANG_CXX_LANGUAGE_STANDARD = "gnu++0x";
				CLANG_CXX_LIBRARY = "libc++";
				CLANG_ENABLE_MODULES = YES;
				CLANG_ENABLE_OBJC_ARC = YES;
				CLANG_WARN_BOOL_CONVERSION = YES;
				CLANG_WARN_CONSTANT_CONVERSION = YES;
				CLANG_WARN_DIRECT_OBJC_ISA_USAGE = YES_ERROR;
				CLANG_WARN_EMPTY_BODY = YES;
				CLANG_WARN_ENUM_CONVERSION = YES;
				CLANG_WARN_INT_CONVERSION = YES;
				CLANG_WARN_OBJC_ROOT_CLASS = YES_ERROR;
				CLANG_WARN_UNREACHABLE_CODE = YES;
				CLANG_WARN__DUPLICATE_METHOD_MATCH = YES;
				"CODE_SIGN_IDENTITY[sdk=iphoneos*]" = "iPhone Developer";
				COPY_PHASE_STRIP = YES;
				ENABLE_NS_ASSERTIONS = NO;
				ENABLE_STRICT_OBJC_MSGSEND = YES;
				GCC_C_LANGUAGE_STANDARD = gnu99;
				GCC_WARN_64_TO_32_BIT_CONVERSION = YES;
				GCC_WARN_ABOUT_RETURN_TYPE = YES_ERROR;
				GCC_WARN_UNDECLARED_SELECTOR = YES;
				GCC_WARN_UNINITIALIZED_AUTOS = YES_AGGRESSIVE;
				GCC_WARN_UNUSED_FUNCTION = YES;
				GCC_WARN_UNUSED_VARIABLE = YES;
				IPHONEOS_DEPLOYMENT_TARGET = 8.1;
				MTL_ENABLE_DEBUG_INFO = NO;
				SDKROOT = iphoneos;
				VALIDATE_PRODUCT = YES;
			};
			name = Release;
		};
		849B43841A80727E00D8E970 /* Debug */ = {
			isa = XCBuildConfiguration;
			baseConfigurationReference = 3D65F1B5CFF9DD56F472C845 /* Pods.debug.xcconfig */;
			buildSettings = {
				ASSETCATALOG_COMPILER_APPICON_NAME = AppIcon;
				INFOPLIST_FILE = BlockNetwork/Info.plist;
				LD_RUNPATH_SEARCH_PATHS = "$(inherited) @executable_path/Frameworks";
				PRODUCT_NAME = "$(TARGET_NAME)";
			};
			name = Debug;
		};
		849B43851A80727E00D8E970 /* Release */ = {
			isa = XCBuildConfiguration;
			baseConfigurationReference = 4D1D27BC28D8A90F5885F197 /* Pods.release.xcconfig */;
			buildSettings = {
				ASSETCATALOG_COMPILER_APPICON_NAME = AppIcon;
				INFOPLIST_FILE = BlockNetwork/Info.plist;
				LD_RUNPATH_SEARCH_PATHS = "$(inherited) @executable_path/Frameworks";
				PRODUCT_NAME = "$(TARGET_NAME)";
			};
			name = Release;
		};
		849B43871A80727E00D8E970 /* Debug */ = {
			isa = XCBuildConfiguration;
			buildSettings = {
				BUNDLE_LOADER = "$(TEST_HOST)";
				FRAMEWORK_SEARCH_PATHS = (
					"$(SDKROOT)/Developer/Library/Frameworks",
					"$(inherited)",
				);
				GCC_PREPROCESSOR_DEFINITIONS = (
					"DEBUG=1",
					"$(inherited)",
				);
				INFOPLIST_FILE = BlockNetworkTests/Info.plist;
				LD_RUNPATH_SEARCH_PATHS = "$(inherited) @executable_path/Frameworks @loader_path/Frameworks";
				PRODUCT_NAME = "$(TARGET_NAME)";
				TEST_HOST = "$(BUILT_PRODUCTS_DIR)/BlockNetwork.app/BlockNetwork";
			};
			name = Debug;
		};
		849B43881A80727E00D8E970 /* Release */ = {
			isa = XCBuildConfiguration;
			buildSettings = {
				BUNDLE_LOADER = "$(TEST_HOST)";
				FRAMEWORK_SEARCH_PATHS = (
					"$(SDKROOT)/Developer/Library/Frameworks",
					"$(inherited)",
				);
				INFOPLIST_FILE = BlockNetworkTests/Info.plist;
				LD_RUNPATH_SEARCH_PATHS = "$(inherited) @executable_path/Frameworks @loader_path/Frameworks";
				PRODUCT_NAME = "$(TARGET_NAME)";
				TEST_HOST = "$(BUILT_PRODUCTS_DIR)/BlockNetwork.app/BlockNetwork";
			};
			name = Release;
		};
/* End XCBuildConfiguration section */

/* Begin XCConfigurationList section */
		849B435B1A80727E00D8E970 /* Build configuration list for PBXProject "BlockNetwork" */ = {
			isa = XCConfigurationList;
			buildConfigurations = (
				849B43811A80727E00D8E970 /* Debug */,
				849B43821A80727E00D8E970 /* Release */,
			);
			defaultConfigurationIsVisible = 0;
			defaultConfigurationName = Release;
		};
		849B43831A80727E00D8E970 /* Build configuration list for PBXNativeTarget "BlockNetwork" */ = {
			isa = XCConfigurationList;
			buildConfigurations = (
				849B43841A80727E00D8E970 /* Debug */,
				849B43851A80727E00D8E970 /* Release */,
			);
			defaultConfigurationIsVisible = 0;
			defaultConfigurationName = Release;
		};
		849B43861A80727E00D8E970 /* Build configuration list for PBXNativeTarget "BlockNetworkTests" */ = {
			isa = XCConfigurationList;
			buildConfigurations = (
				849B43871A80727E00D8E970 /* Debug */,
				849B43881A80727E00D8E970 /* Release */,
			);
			defaultConfigurationIsVisible = 0;
			defaultConfigurationName = Release;
		};
/* End XCConfigurationList section */
	};
	rootObject = 849B43581A80727E00D8E970 /* Project object */;
}
